
Microsoft Visual Studio Solution File, Format Version 12.00
# Visual Studio Version 16
VisualStudioVersion = 16.0.30907.101
MinimumVisualStudioVersion = 10.0.40219.1
Project("{FAE04EC0-301F-11D3-BF4B-00C04F79EFBC}") = "ProtoAttributor", "ProtoAttributor\ProtoAttributor.csproj", "{D166A1D7-30C3-4789-8970-FB3CF7DC9097}"
EndProject
Project("{FAE04EC0-301F-11D3-BF4B-00C04F79EFBC}") = "ProtoAttributor.Tests", "ProtoAttributor.Tests\ProtoAttributor.Tests.csproj", "{EF3B9FF1-5273-4A23-83CE-BA15AA9B1FA3}"
EndProject
Project("{2150E333-8FDC-42A3-9474-1A3956D46DE8}") = "Solution Items", "Solution Items", "{E511682C-865B-4625-8B1C-0BB01AC3232F}"
	ProjectSection(SolutionItems) = preProject
		.editorconfig = .editorconfig
	EndProjectSection
EndProject
Global
	GlobalSection(SolutionConfigurationPlatforms) = preSolution
		Debug|Any CPU = Debug|Any CPU
		Release|Any CPU = Release|Any CPU
	EndGlobalSection
	GlobalSection(ProjectConfigurationPlatforms) = postSolution
		{D166A1D7-30C3-4789-8970-FB3CF7DC9097}.Debug|Any CPU.ActiveCfg = Debug|Any CPU
		{D166A1D7-30C3-4789-8970-FB3CF7DC9097}.Debug|Any CPU.Build.0 = Debug|Any CPU
		{D166A1D7-30C3-4789-8970-FB3CF7DC9097}.Release|Any CPU.ActiveCfg = Release|Any CPU
		{D166A1D7-30C3-4789-8970-FB3CF7DC9097}.Release|Any CPU.Build.0 = Release|Any CPU
		{EF3B9FF1-5273-4A23-83CE-BA15AA9B1FA3}.Debug|Any CPU.ActiveCfg = Debug|Any CPU
		{EF3B9FF1-5273-4A23-83CE-BA15AA9B1FA3}.Debug|Any CPU.Build.0 = Debug|Any CPU
		{EF3B9FF1-5273-4A23-83CE-BA15AA9B1FA3}.Release|Any CPU.ActiveCfg = Release|Any CPU
		{EF3B9FF1-5273-4A23-83CE-BA15AA9B1FA3}.Release|Any CPU.Build.0 = Release|Any CPU
	EndGlobalSection
	GlobalSection(SolutionProperties) = preSolution
		HideSolutionNode = FALSE
	EndGlobalSection
	GlobalSection(ExtensibilityGlobals) = postSolution
		SolutionGuid = {20134AA9-B1A5-4C73-8A27-57F7BE492B4C}
	EndGlobalSection
EndGlobal
