
Microsoft Visual Studio Solution File, Format Version 12.00
# Visual Studio Version 17
VisualStudioVersion = 17.5.002.0
MinimumVisualStudioVersion = 10.0.40219.1
Project("{9A19103F-16F7-4668-BE54-9A1E7A4F7556}") = "SampleProject", "SampleProject.csproj", "{0AB0E0B5-82A3-47C2-8E76-2907AA554F86}"
EndProject
Global
	GlobalSection(SolutionConfigurationPlatforms) = preSolution
		Debug|Any CPU = Debug|Any CPU
		Release|Any CPU = Release|Any CPU
	EndGlobalSection
	GlobalSection(ProjectConfigurationPlatforms) = postSolution
		{0AB0E0B5-82A3-47C2-8E76-2907AA554F86}.Debug|Any CPU.ActiveCfg = Debug|Any CPU
		{0AB0E0B5-82A3-47C2-8E76-2907AA554F86}.Debug|Any CPU.Build.0 = Debug|Any CPU
		{0AB0E0B5-82A3-47C2-8E76-2907AA554F86}.Release|Any CPU.ActiveCfg = Release|Any CPU
		{0AB0E0B5-82A3-47C2-8E76-2907AA554F86}.Release|Any CPU.Build.0 = Release|Any CPU
	EndGlobalSection
	GlobalSection(SolutionProperties) = preSolution
		HideSolutionNode = FALSE
	EndGlobalSection
	GlobalSection(ExtensibilityGlobals) = postSolution
		SolutionGuid = {9ED8919E-87FA-4678-95D5-1A139A0A423E}
	EndGlobalSection
EndGlobal
